// !$*UTF8*$!
{
	archiveVersion = 1;
	classes = {
	};
	objectVersion = 50;
	objects = {

/* Begin PBXBuildFile section */
		2586136325DEA80A00941A46 /* AppCoordinator.swift in Sources */ = {isa = PBXBuildFile; fileRef = 2586136225DEA80A00941A46 /* AppCoordinator.swift */; };
		2595AA1725E6A9CF007D50D7 /* ImageViewLazy.swift in Sources */ = {isa = PBXBuildFile; fileRef = 2595AA1625E6A9CF007D50D7 /* ImageViewLazy.swift */; };
		25A940F025CB00A200689556 /* AppDelegate.swift in Sources */ = {isa = PBXBuildFile; fileRef = 25A940EF25CB00A200689556 /* AppDelegate.swift */; };
		25A940F225CB00A200689556 /* ContentView.swift in Sources */ = {isa = PBXBuildFile; fileRef = 25A940F125CB00A200689556 /* ContentView.swift */; };
		25A940F425CB00A200689556 /* Assets.xcassets in Resources */ = {isa = PBXBuildFile; fileRef = 25A940F325CB00A200689556 /* Assets.xcassets */; };
		25A940F725CB00A200689556 /* Preview Assets.xcassets in Resources */ = {isa = PBXBuildFile; fileRef = 25A940F625CB00A200689556 /* Preview Assets.xcassets */; };
		25A940FA25CB00A200689556 /* Main.storyboard in Resources */ = {isa = PBXBuildFile; fileRef = 25A940F825CB00A200689556 /* Main.storyboard */; };
		25A9410425CB048700689556 /* ImageView.swift in Sources */ = {isa = PBXBuildFile; fileRef = 25A9410325CB048700689556 /* ImageView.swift */; };
		25A9410825CB053C00689556 /* ImageLoader.swift in Sources */ = {isa = PBXBuildFile; fileRef = 25A9410725CB053C00689556 /* ImageLoader.swift */; };
		25AF256725CD7E64003CE640 /* FilesView.swift in Sources */ = {isa = PBXBuildFile; fileRef = 25AF256625CD7E64003CE640 /* FilesView.swift */; };
		25AF256A25CD7EE1003CE640 /* FileEntry.swift in Sources */ = {isa = PBXBuildFile; fileRef = 25AF256925CD7EE1003CE640 /* FileEntry.swift */; };
		25AF257025CD801E003CE640 /* FilesystemManager.swift in Sources */ = {isa = PBXBuildFile; fileRef = 25AF256F25CD801E003CE640 /* FilesystemManager.swift */; };
		25AF257325CD81E6003CE640 /* DropUtils.swift in Sources */ = {isa = PBXBuildFile; fileRef = 25AF257225CD81E6003CE640 /* DropUtils.swift */; };
		25AF257725CD87EB003CE640 /* FilesViewModel.swift in Sources */ = {isa = PBXBuildFile; fileRef = 25AF257625CD87EB003CE640 /* FilesViewModel.swift */; };
		25AF257B25CD8D71003CE640 /* SingleImageView.swift in Sources */ = {isa = PBXBuildFile; fileRef = 25AF257A25CD8D71003CE640 /* SingleImageView.swift */; };
		25B3563325D177B900A451B6 /* MenuCommandsHandler.swift in Sources */ = {isa = PBXBuildFile; fileRef = 25B3563225D177B900A451B6 /* MenuCommandsHandler.swift */; };
		25B3563625D17A9A00A451B6 /* MenuCommands.swift in Sources */ = {isa = PBXBuildFile; fileRef = 25B3563525D17A9A00A451B6 /* MenuCommands.swift */; };
		25B3563C25D185D100A451B6 /* SingleEntryView.swift in Sources */ = {isa = PBXBuildFile; fileRef = 25B3563B25D185D100A451B6 /* SingleEntryView.swift */; };
		25B3564025D1934800A451B6 /* ImageUtils.swift in Sources */ = {isa = PBXBuildFile; fileRef = 25B3563F25D1934800A451B6 /* ImageUtils.swift */; };
		25CD27E125D81DE4009B0EB5 /* FavoritesManager.swift in Sources */ = {isa = PBXBuildFile; fileRef = 25CD27E025D81DE4009B0EB5 /* FavoritesManager.swift */; };
/* End PBXBuildFile section */

/* Begin PBXFileReference section */
		2586136225DEA80A00941A46 /* AppCoordinator.swift */ = {isa = PBXFileReference; lastKnownFileType = sourcecode.swift; path = AppCoordinator.swift; sourceTree = "<group>"; };
		2595AA1625E6A9CF007D50D7 /* ImageViewLazy.swift */ = {isa = PBXFileReference; lastKnownFileType = sourcecode.swift; path = ImageViewLazy.swift; sourceTree = "<group>"; };
		25A940EC25CB00A200689556 /* SimpleImageViewer.app */ = {isa = PBXFileReference; explicitFileType = wrapper.application; includeInIndex = 0; path = SimpleImageViewer.app; sourceTree = BUILT_PRODUCTS_DIR; };
		25A940EF25CB00A200689556 /* AppDelegate.swift */ = {isa = PBXFileReference; lastKnownFileType = sourcecode.swift; path = AppDelegate.swift; sourceTree = "<group>"; };
		25A940F125CB00A200689556 /* ContentView.swift */ = {isa = PBXFileReference; lastKnownFileType = sourcecode.swift; path = ContentView.swift; sourceTree = "<group>"; };
		25A940F325CB00A200689556 /* Assets.xcassets */ = {isa = PBXFileReference; lastKnownFileType = folder.assetcatalog; path = Assets.xcassets; sourceTree = "<group>"; };
		25A940F625CB00A200689556 /* Preview Assets.xcassets */ = {isa = PBXFileReference; lastKnownFileType = folder.assetcatalog; path = "Preview Assets.xcassets"; sourceTree = "<group>"; };
		25A940F925CB00A200689556 /* Base */ = {isa = PBXFileReference; lastKnownFileType = file.storyboard; name = Base; path = Base.lproj/Main.storyboard; sourceTree = "<group>"; };
		25A940FB25CB00A200689556 /* Info.plist */ = {isa = PBXFileReference; lastKnownFileType = text.plist.xml; path = Info.plist; sourceTree = "<group>"; };
		25A940FC25CB00A200689556 /* SimpleImageViewer.entitlements */ = {isa = PBXFileReference; lastKnownFileType = text.plist.entitlements; path = SimpleImageViewer.entitlements; sourceTree = "<group>"; };
		25A9410325CB048700689556 /* ImageView.swift */ = {isa = PBXFileReference; lastKnownFileType = sourcecode.swift; path = ImageView.swift; sourceTree = "<group>"; };
		25A9410725CB053C00689556 /* ImageLoader.swift */ = {isa = PBXFileReference; lastKnownFileType = sourcecode.swift; path = ImageLoader.swift; sourceTree = "<group>"; };
		25AF256625CD7E64003CE640 /* FilesView.swift */ = {isa = PBXFileReference; lastKnownFileType = sourcecode.swift; path = FilesView.swift; sourceTree = "<group>"; };
		25AF256925CD7EE1003CE640 /* FileEntry.swift */ = {isa = PBXFileReference; lastKnownFileType = sourcecode.swift; path = FileEntry.swift; sourceTree = "<group>"; };
		25AF256F25CD801E003CE640 /* FilesystemManager.swift */ = {isa = PBXFileReference; lastKnownFileType = sourcecode.swift; path = FilesystemManager.swift; sourceTree = "<group>"; };
		25AF257225CD81E6003CE640 /* DropUtils.swift */ = {isa = PBXFileReference; lastKnownFileType = sourcecode.swift; path = DropUtils.swift; sourceTree = "<group>"; };
		25AF257625CD87EB003CE640 /* FilesViewModel.swift */ = {isa = PBXFileReference; lastKnownFileType = sourcecode.swift; path = FilesViewModel.swift; sourceTree = "<group>"; };
		25AF257A25CD8D71003CE640 /* SingleImageView.swift */ = {isa = PBXFileReference; lastKnownFileType = sourcecode.swift; path = SingleImageView.swift; sourceTree = "<group>"; };
		25B3563225D177B900A451B6 /* MenuCommandsHandler.swift */ = {isa = PBXFileReference; lastKnownFileType = sourcecode.swift; path = MenuCommandsHandler.swift; sourceTree = "<group>"; };
		25B3563525D17A9A00A451B6 /* MenuCommands.swift */ = {isa = PBXFileReference; lastKnownFileType = sourcecode.swift; path = MenuCommands.swift; sourceTree = "<group>"; };
		25B3563B25D185D100A451B6 /* SingleEntryView.swift */ = {isa = PBXFileReference; lastKnownFileType = sourcecode.swift; path = SingleEntryView.swift; sourceTree = "<group>"; };
		25B3563F25D1934800A451B6 /* ImageUtils.swift */ = {isa = PBXFileReference; lastKnownFileType = sourcecode.swift; path = ImageUtils.swift; sourceTree = "<group>"; };
		25CD27E025D81DE4009B0EB5 /* FavoritesManager.swift */ = {isa = PBXFileReference; lastKnownFileType = sourcecode.swift; path = FavoritesManager.swift; sourceTree = "<group>"; };
/* End PBXFileReference section */

/* Begin PBXFrameworksBuildPhase section */
		25A940E925CB00A200689556 /* Frameworks */ = {
			isa = PBXFrameworksBuildPhase;
			buildActionMask = 2147483647;
			files = (
			);
			runOnlyForDeploymentPostprocessing = 0;
		};
/* End PBXFrameworksBuildPhase section */

/* Begin PBXGroup section */
		25A940E325CB00A200689556 = {
			isa = PBXGroup;
			children = (
				25A940EE25CB00A200689556 /* SimpleImageViewer */,
				25A940ED25CB00A200689556 /* Products */,
			);
			sourceTree = "<group>";
		};
		25A940ED25CB00A200689556 /* Products */ = {
			isa = PBXGroup;
			children = (
				25A940EC25CB00A200689556 /* SimpleImageViewer.app */,
			);
			name = Products;
			sourceTree = "<group>";
		};
		25A940EE25CB00A200689556 /* SimpleImageViewer */ = {
			isa = PBXGroup;
			children = (
				25A940EF25CB00A200689556 /* AppDelegate.swift */,
				2586136225DEA80A00941A46 /* AppCoordinator.swift */,
				25AF258325CDAA55003CE640 /* Model */,
				25AF258125CDAA45003CE640 /* Utils */,
				25AF257F25CDAA2A003CE640 /* Views */,
				25A940F325CB00A200689556 /* Assets.xcassets */,
				25A940F825CB00A200689556 /* Main.storyboard */,
				25A940FB25CB00A200689556 /* Info.plist */,
				25A940FC25CB00A200689556 /* SimpleImageViewer.entitlements */,
				25A940F525CB00A200689556 /* Preview Content */,
			);
			path = SimpleImageViewer;
			sourceTree = "<group>";
		};
		25A940F525CB00A200689556 /* Preview Content */ = {
			isa = PBXGroup;
			children = (
				25A940F625CB00A200689556 /* Preview Assets.xcassets */,
			);
			path = "Preview Content";
			sourceTree = "<group>";
		};
		25AF257F25CDAA2A003CE640 /* Views */ = {
			isa = PBXGroup;
			children = (
				25A940F125CB00A200689556 /* ContentView.swift */,
				25AF256625CD7E64003CE640 /* FilesView.swift */,
				25A9410325CB048700689556 /* ImageView.swift */,
				2595AA1625E6A9CF007D50D7 /* ImageViewLazy.swift */,
				25B3563525D17A9A00A451B6 /* MenuCommands.swift */,
				25AF257A25CD8D71003CE640 /* SingleImageView.swift */,
				25B3563B25D185D100A451B6 /* SingleEntryView.swift */,
			);
			path = Views;
			sourceTree = "<group>";
		};
		25AF258125CDAA45003CE640 /* Utils */ = {
			isa = PBXGroup;
			children = (
				25AF257225CD81E6003CE640 /* DropUtils.swift */,
				25CD27E025D81DE4009B0EB5 /* FavoritesManager.swift */,
				25AF256F25CD801E003CE640 /* FilesystemManager.swift */,
				25A9410725CB053C00689556 /* ImageLoader.swift */,
				25B3563F25D1934800A451B6 /* ImageUtils.swift */,
				25B3563225D177B900A451B6 /* MenuCommandsHandler.swift */,
			);
			path = Utils;
			sourceTree = "<group>";
		};
		25AF258325CDAA55003CE640 /* Model */ = {
			isa = PBXGroup;
			children = (
				25AF256925CD7EE1003CE640 /* FileEntry.swift */,
				25AF257625CD87EB003CE640 /* FilesViewModel.swift */,
			);
			path = Model;
			sourceTree = "<group>";
		};
/* End PBXGroup section */

/* Begin PBXNativeTarget section */
		25A940EB25CB00A200689556 /* SimpleImageViewer */ = {
			isa = PBXNativeTarget;
			buildConfigurationList = 25A940FF25CB00A200689556 /* Build configuration list for PBXNativeTarget "SimpleImageViewer" */;
			buildPhases = (
				25A940E825CB00A200689556 /* Sources */,
				25A940E925CB00A200689556 /* Frameworks */,
				25A940EA25CB00A200689556 /* Resources */,
			);
			buildRules = (
			);
			dependencies = (
			);
			name = SimpleImageViewer;
			productName = SimpleImageViewer;
			productReference = 25A940EC25CB00A200689556 /* SimpleImageViewer.app */;
			productType = "com.apple.product-type.application";
		};
/* End PBXNativeTarget section */

/* Begin PBXProject section */
		25A940E425CB00A200689556 /* Project object */ = {
			isa = PBXProject;
			attributes = {
				LastSwiftUpdateCheck = 1240;
				LastUpgradeCheck = 1240;
				TargetAttributes = {
					25A940EB25CB00A200689556 = {
						CreatedOnToolsVersion = 12.4;
					};
				};
			};
			buildConfigurationList = 25A940E725CB00A200689556 /* Build configuration list for PBXProject "SimpleImageViewer" */;
			compatibilityVersion = "Xcode 9.3";
			developmentRegion = en;
			hasScannedForEncodings = 0;
			knownRegions = (
				en,
				Base,
			);
			mainGroup = 25A940E325CB00A200689556;
			productRefGroup = 25A940ED25CB00A200689556 /* Products */;
			projectDirPath = "";
			projectRoot = "";
			targets = (
				25A940EB25CB00A200689556 /* SimpleImageViewer */,
			);
		};
/* End PBXProject section */

/* Begin PBXResourcesBuildPhase section */
		25A940EA25CB00A200689556 /* Resources */ = {
			isa = PBXResourcesBuildPhase;
			buildActionMask = 2147483647;
			files = (
				25A940FA25CB00A200689556 /* Main.storyboard in Resources */,
				25A940F725CB00A200689556 /* Preview Assets.xcassets in Resources */,
				25A940F425CB00A200689556 /* Assets.xcassets in Resources */,
			);
			runOnlyForDeploymentPostprocessing = 0;
		};
/* End PBXResourcesBuildPhase section */

/* Begin PBXSourcesBuildPhase section */
		25A940E825CB00A200689556 /* Sources */ = {
			isa = PBXSourcesBuildPhase;
			buildActionMask = 2147483647;
			files = (
				25AF257B25CD8D71003CE640 /* SingleImageView.swift in Sources */,
				25AF257325CD81E6003CE640 /* DropUtils.swift in Sources */,
				25B3563C25D185D100A451B6 /* SingleEntryView.swift in Sources */,
				2595AA1725E6A9CF007D50D7 /* ImageViewLazy.swift in Sources */,
				25A9410425CB048700689556 /* ImageView.swift in Sources */,
				25AF256725CD7E64003CE640 /* FilesView.swift in Sources */,
				25AF257725CD87EB003CE640 /* FilesViewModel.swift in Sources */,
				25B3563325D177B900A451B6 /* MenuCommandsHandler.swift in Sources */,
				25B3563625D17A9A00A451B6 /* MenuCommands.swift in Sources */,
				25AF256A25CD7EE1003CE640 /* FileEntry.swift in Sources */,
				25A940F225CB00A200689556 /* ContentView.swift in Sources */,
				2586136325DEA80A00941A46 /* AppCoordinator.swift in Sources */,
				25A9410825CB053C00689556 /* ImageLoader.swift in Sources */,
				25AF257025CD801E003CE640 /* FilesystemManager.swift in Sources */,
				25CD27E125D81DE4009B0EB5 /* FavoritesManager.swift in Sources */,
				25A940F025CB00A200689556 /* AppDelegate.swift in Sources */,
				25B3564025D1934800A451B6 /* ImageUtils.swift in Sources */,
			);
			runOnlyForDeploymentPostprocessing = 0;
		};
/* End PBXSourcesBuildPhase section */

/* Begin PBXVariantGroup section */
		25A940F825CB00A200689556 /* Main.storyboard */ = {
			isa = PBXVariantGroup;
			children = (
				25A940F925CB00A200689556 /* Base */,
			);
			name = Main.storyboard;
			sourceTree = "<group>";
		};
/* End PBXVariantGroup section */

/* Begin XCBuildConfiguration section */
		25A940FD25CB00A200689556 /* Debug */ = {
			isa = XCBuildConfiguration;
			buildSettings = {
				ALWAYS_SEARCH_USER_PATHS = NO;
				CLANG_ANALYZER_NONNULL = YES;
				CLANG_ANALYZER_NUMBER_OBJECT_CONVERSION = YES_AGGRESSIVE;
				CLANG_CXX_LANGUAGE_STANDARD = "gnu++14";
				CLANG_CXX_LIBRARY = "libc++";
				CLANG_ENABLE_MODULES = YES;
				CLANG_ENABLE_OBJC_ARC = YES;
				CLANG_ENABLE_OBJC_WEAK = YES;
				CLANG_WARN_BLOCK_CAPTURE_AUTORELEASING = YES;
				CLANG_WARN_BOOL_CONVERSION = YES;
				CLANG_WARN_COMMA = YES;
				CLANG_WARN_CONSTANT_CONVERSION = YES;
				CLANG_WARN_DEPRECATED_OBJC_IMPLEMENTATIONS = YES;
				CLANG_WARN_DIRECT_OBJC_ISA_USAGE = YES_ERROR;
				CLANG_WARN_DOCUMENTATION_COMMENTS = YES;
				CLANG_WARN_EMPTY_BODY = YES;
				CLANG_WARN_ENUM_CONVERSION = YES;
				CLANG_WARN_INFINITE_RECURSION = YES;
				CLANG_WARN_INT_CONVERSION = YES;
				CLANG_WARN_NON_LITERAL_NULL_CONVERSION = YES;
				CLANG_WARN_OBJC_IMPLICIT_RETAIN_SELF = YES;
				CLANG_WARN_OBJC_LITERAL_CONVERSION = YES;
				CLANG_WARN_OBJC_ROOT_CLASS = YES_ERROR;
				CLANG_WARN_QUOTED_INCLUDE_IN_FRAMEWORK_HEADER = YES;
				CLANG_WARN_RANGE_LOOP_ANALYSIS = YES;
				CLANG_WARN_STRICT_PROTOTYPES = YES;
				CLANG_WARN_SUSPICIOUS_MOVE = YES;
				CLANG_WARN_UNGUARDED_AVAILABILITY = YES_AGGRESSIVE;
				CLANG_WARN_UNREACHABLE_CODE = YES;
				CLANG_WARN__DUPLICATE_METHOD_MATCH = YES;
				COPY_PHASE_STRIP = NO;
				DEBUG_INFORMATION_FORMAT = dwarf;
				ENABLE_STRICT_OBJC_MSGSEND = YES;
				ENABLE_TESTABILITY = YES;
				GCC_C_LANGUAGE_STANDARD = gnu11;
				GCC_DYNAMIC_NO_PIC = NO;
				GCC_NO_COMMON_BLOCKS = YES;
				GCC_OPTIMIZATION_LEVEL = 0;
				GCC_PREPROCESSOR_DEFINITIONS = (
					"DEBUG=1",
					"$(inherited)",
				);
				GCC_WARN_64_TO_32_BIT_CONVERSION = YES;
				GCC_WARN_ABOUT_RETURN_TYPE = YES_ERROR;
				GCC_WARN_UNDECLARED_SELECTOR = YES;
				GCC_WARN_UNINITIALIZED_AUTOS = YES_AGGRESSIVE;
				GCC_WARN_UNUSED_FUNCTION = YES;
				GCC_WARN_UNUSED_VARIABLE = YES;
				MACOSX_DEPLOYMENT_TARGET = 10.15;
				MTL_ENABLE_DEBUG_INFO = INCLUDE_SOURCE;
				MTL_FAST_MATH = YES;
				ONLY_ACTIVE_ARCH = YES;
				SDKROOT = macosx;
				SWIFT_ACTIVE_COMPILATION_CONDITIONS = DEBUG;
				SWIFT_OPTIMIZATION_LEVEL = "-Onone";
			};
			name = Debug;
		};
		25A940FE25CB00A200689556 /* Release */ = {
			isa = XCBuildConfiguration;
			buildSettings = {
				ALWAYS_SEARCH_USER_PATHS = NO;
				CLANG_ANALYZER_NONNULL = YES;
				CLANG_ANALYZER_NUMBER_OBJECT_CONVERSION = YES_AGGRESSIVE;
				CLANG_CXX_LANGUAGE_STANDARD = "gnu++14";
				CLANG_CXX_LIBRARY = "libc++";
				CLANG_ENABLE_MODULES = YES;
				CLANG_ENABLE_OBJC_ARC = YES;
				CLANG_ENABLE_OBJC_WEAK = YES;
				CLANG_WARN_BLOCK_CAPTURE_AUTORELEASING = YES;
				CLANG_WARN_BOOL_CONVERSION = YES;
				CLANG_WARN_COMMA = YES;
				CLANG_WARN_CONSTANT_CONVERSION = YES;
				CLANG_WARN_DEPRECATED_OBJC_IMPLEMENTATIONS = YES;
				CLANG_WARN_DIRECT_OBJC_ISA_USAGE = YES_ERROR;
				CLANG_WARN_DOCUMENTATION_COMMENTS = YES;
				CLANG_WARN_EMPTY_BODY = YES;
				CLANG_WARN_ENUM_CONVERSION = YES;
				CLANG_WARN_INFINITE_RECURSION = YES;
				CLANG_WARN_INT_CONVERSION = YES;
				CLANG_WARN_NON_LITERAL_NULL_CONVERSION = YES;
				CLANG_WARN_OBJC_IMPLICIT_RETAIN_SELF = YES;
				CLANG_WARN_OBJC_LITERAL_CONVERSION = YES;
				CLANG_WARN_OBJC_ROOT_CLASS = YES_ERROR;
				CLANG_WARN_QUOTED_INCLUDE_IN_FRAMEWORK_HEADER = YES;
				CLANG_WARN_RANGE_LOOP_ANALYSIS = YES;
				CLANG_WARN_STRICT_PROTOTYPES = YES;
				CLANG_WARN_SUSPICIOUS_MOVE = YES;
				CLANG_WARN_UNGUARDED_AVAILABILITY = YES_AGGRESSIVE;
				CLANG_WARN_UNREACHABLE_CODE = YES;
				CLANG_WARN__DUPLICATE_METHOD_MATCH = YES;
				COPY_PHASE_STRIP = NO;
				DEBUG_INFORMATION_FORMAT = "dwarf-with-dsym";
				ENABLE_NS_ASSERTIONS = NO;
				ENABLE_STRICT_OBJC_MSGSEND = YES;
				GCC_C_LANGUAGE_STANDARD = gnu11;
				GCC_NO_COMMON_BLOCKS = YES;
				GCC_WARN_64_TO_32_BIT_CONVERSION = YES;
				GCC_WARN_ABOUT_RETURN_TYPE = YES_ERROR;
				GCC_WARN_UNDECLARED_SELECTOR = YES;
				GCC_WARN_UNINITIALIZED_AUTOS = YES_AGGRESSIVE;
				GCC_WARN_UNUSED_FUNCTION = YES;
				GCC_WARN_UNUSED_VARIABLE = YES;
				MACOSX_DEPLOYMENT_TARGET = 10.15;
				MTL_ENABLE_DEBUG_INFO = NO;
				MTL_FAST_MATH = YES;
				SDKROOT = macosx;
				SWIFT_COMPILATION_MODE = wholemodule;
				SWIFT_OPTIMIZATION_LEVEL = "-O";
			};
			name = Release;
		};
		25A9410025CB00A200689556 /* Debug */ = {
			isa = XCBuildConfiguration;
			buildSettings = {
				ASSETCATALOG_COMPILER_APPICON_NAME = AppIcon;
				ASSETCATALOG_COMPILER_GLOBAL_ACCENT_COLOR_NAME = AccentColor;
				CODE_SIGN_ENTITLEMENTS = SimpleImageViewer/SimpleImageViewer.entitlements;
				CODE_SIGN_STYLE = Automatic;
				COMBINE_HIDPI_IMAGES = YES;
				DEVELOPMENT_ASSET_PATHS = "\"SimpleImageViewer/Preview Content\"";
				DEVELOPMENT_TEAM = EMNHGG4C7C;
				ENABLE_HARDENED_RUNTIME = YES;
				ENABLE_PREVIEWS = YES;
				INFOPLIST_FILE = SimpleImageViewer/Info.plist;
				LD_RUNPATH_SEARCH_PATHS = (
					"$(inherited)",
					"@executable_path/../Frameworks",
				);
				MACOSX_DEPLOYMENT_TARGET = 11.0;
				PRODUCT_BUNDLE_IDENTIFIER = com.gfrigerio.SimpleImageViewer;
				PRODUCT_NAME = "$(TARGET_NAME)";
				SWIFT_VERSION = 5.0;
			};
			name = Debug;
		};
		25A9410125CB00A200689556 /* Release */ = {
			isa = XCBuildConfiguration;
			buildSettings = {
				ASSETCATALOG_COMPILER_APPICON_NAME = AppIcon;
				ASSETCATALOG_COMPILER_GLOBAL_ACCENT_COLOR_NAME = AccentColor;
				CODE_SIGN_ENTITLEMENTS = SimpleImageViewer/SimpleImageViewer.entitlements;
				CODE_SIGN_STYLE = Automatic;
				COMBINE_HIDPI_IMAGES = YES;
				DEVELOPMENT_ASSET_PATHS = "\"SimpleImageViewer/Preview Content\"";
				DEVELOPMENT_TEAM = EMNHGG4C7C;
				ENABLE_HARDENED_RUNTIME = YES;
				ENABLE_PREVIEWS = YES;
				INFOPLIST_FILE = SimpleImageViewer/Info.plist;
				LD_RUNPATH_SEARCH_PATHS = (
					"$(inherited)",
					"@executable_path/../Frameworks",
				);
				MACOSX_DEPLOYMENT_TARGET = 11.0;
				PRODUCT_BUNDLE_IDENTIFIER = com.gfrigerio.SimpleImageViewer;
				PRODUCT_NAME = "$(TARGET_NAME)";
				SWIFT_VERSION = 5.0;
			};
			name = Release;
		};
/* End XCBuildConfiguration section */

/* Begin XCConfigurationList section */
		25A940E725CB00A200689556 /* Build configuration list for PBXProject "SimpleImageViewer" */ = {
			isa = XCConfigurationList;
			buildConfigurations = (
				25A940FD25CB00A200689556 /* Debug */,
				25A940FE25CB00A200689556 /* Release */,
			);
			defaultConfigurationIsVisible = 0;
			defaultConfigurationName = Release;
		};
		25A940FF25CB00A200689556 /* Build configuration list for PBXNativeTarget "SimpleImageViewer" */ = {
			isa = XCConfigurationList;
			buildConfigurations = (
				25A9410025CB00A200689556 /* Debug */,
				25A9410125CB00A200689556 /* Release */,
			);
			defaultConfigurationIsVisible = 0;
			defaultConfigurationName = Release;
		};
/* End XCConfigurationList section */
	};
	rootObject = 25A940E425CB00A200689556 /* Project object */;
}
